
Microsoft Visual Studio Solution File, Format Version 12.00
# Visual Studio Version 16
VisualStudioVersion = 16.0.31424.327
MinimumVisualStudioVersion = 10.0.40219.1
Project("{9A19103F-16F7-4668-BE54-9A1E7A4F7556}") = "Shop.Admin", "Shop.Admin\Shop.Admin.csproj", "{82445868-6F64-4C16-B12A-76F184C95CE8}"
EndProject
Project("{9A19103F-16F7-4668-BE54-9A1E7A4F7556}") = "Shop.Client", "Shop.Client\Shop.Client.csproj", "{4BCEA414-0756-4DD0-AD9C-92943C0F92A1}"
EndProject
Project("{9A19103F-16F7-4668-BE54-9A1E7A4F7556}") = "Shop.API", "Shop.API\Shop.API.csproj", "{5C4B1148-07BA-4BFC-94DD-E7DA027DE34A}"
EndProject
Project("{9A19103F-16F7-4668-BE54-9A1E7A4F7556}") = "Shop.Logic", "Shop.Logic\Shop.Logic.csproj", "{7BA58142-1C3C-4690-B01B-F384E0F943E4}"
EndProject
Project("{9A19103F-16F7-4668-BE54-9A1E7A4F7556}") = "Shop.DataModels", "Shop.DataModels\Shop.DataModels.csproj", "{5AB38C24-9072-48B2-9FFA-05A89AAC4C1B}"
EndProject
Global
	GlobalSection(SolutionConfigurationPlatforms) = preSolution
		Debug|Any CPU = Debug|Any CPU
		Release|Any CPU = Release|Any CPU
	EndGlobalSection
	GlobalSection(ProjectConfigurationPlatforms) = postSolution
		{82445868-6F64-4C16-B12A-76F184C95CE8}.Debug|Any CPU.ActiveCfg = Debug|Any CPU
		{82445868-6F64-4C16-B12A-76F184C95CE8}.Debug|Any CPU.Build.0 = Debug|Any CPU
		{82445868-6F64-4C16-B12A-76F184C95CE8}.Release|Any CPU.ActiveCfg = Release|Any CPU
		{82445868-6F64-4C16-B12A-76F184C95CE8}.Release|Any CPU.Build.0 = Release|Any CPU
		{4BCEA414-0756-4DD0-AD9C-92943C0F92A1}.Debug|Any CPU.ActiveCfg = Debug|Any CPU
		{4BCEA414-0756-4DD0-AD9C-92943C0F92A1}.Debug|Any CPU.Build.0 = Debug|Any CPU
		{4BCEA414-0756-4DD0-AD9C-92943C0F92A1}.Release|Any CPU.ActiveCfg = Release|Any CPU
		{4BCEA414-0756-4DD0-AD9C-92943C0F92A1}.Release|Any CPU.Build.0 = Release|Any CPU
		{5C4B1148-07BA-4BFC-94DD-E7DA027DE34A}.Debug|Any CPU.ActiveCfg = Debug|Any CPU
		{5C4B1148-07BA-4BFC-94DD-E7DA027DE34A}.Debug|Any CPU.Build.0 = Debug|Any CPU
		{5C4B1148-07BA-4BFC-94DD-E7DA027DE34A}.Release|Any CPU.ActiveCfg = Release|Any CPU
		{5C4B1148-07BA-4BFC-94DD-E7DA027DE34A}.Release|Any CPU.Build.0 = Release|Any CPU
		{7BA58142-1C3C-4690-B01B-F384E0F943E4}.Debug|Any CPU.ActiveCfg = Debug|Any CPU
		{7BA58142-1C3C-4690-B01B-F384E0F943E4}.Debug|Any CPU.Build.0 = Debug|Any CPU
		{7BA58142-1C3C-4690-B01B-F384E0F943E4}.Release|Any CPU.ActiveCfg = Release|Any CPU
		{7BA58142-1C3C-4690-B01B-F384E0F943E4}.Release|Any CPU.Build.0 = Release|Any CPU
		{5AB38C24-9072-48B2-9FFA-05A89AAC4C1B}.Debug|Any CPU.ActiveCfg = Debug|Any CPU
		{5AB38C24-9072-48B2-9FFA-05A89AAC4C1B}.Debug|Any CPU.Build.0 = Debug|Any CPU
		{5AB38C24-9072-48B2-9FFA-05A89AAC4C1B}.Release|Any CPU.ActiveCfg = Release|Any CPU
		{5AB38C24-9072-48B2-9FFA-05A89AAC4C1B}.Release|Any CPU.Build.0 = Release|Any CPU
	EndGlobalSection
	GlobalSection(SolutionProperties) = preSolution
		HideSolutionNode = FALSE
	EndGlobalSection
	GlobalSection(ExtensibilityGlobals) = postSolution
		SolutionGuid = {B81BBC44-C716-4786-955D-CBF08CCF3759}
	EndGlobalSection
EndGlobal
